
Microsoft Visual Studio Solution File, Format Version 12.00
# Visual Studio Version 16
VisualStudioVersion = 16.0.31410.357
MinimumVisualStudioVersion = 10.0.40219.1
Project("{FAE04EC0-301F-11D3-BF4B-00C04F79EFBC}") = "Библиотека", "Библиотека\Библиотека.csproj", "{908AE4C9-184A-4AF5-9702-DB1A6D49F777}"
EndProject
Global
	GlobalSection(SolutionConfigurationPlatforms) = preSolution
		Debug|Any CPU = Debug|Any CPU
		Release|Any CPU = Release|Any CPU
	EndGlobalSection
	GlobalSection(ProjectConfigurationPlatforms) = postSolution
		{908AE4C9-184A-4AF5-9702-DB1A6D49F777}.Debug|Any CPU.ActiveCfg = Debug|Any CPU
		{908AE4C9-184A-4AF5-9702-DB1A6D49F777}.Debug|Any CPU.Build.0 = Debug|Any CPU
		{908AE4C9-184A-4AF5-9702-DB1A6D49F777}.Release|Any CPU.ActiveCfg = Release|Any CPU
		{908AE4C9-184A-4AF5-9702-DB1A6D49F777}.Release|Any CPU.Build.0 = Release|Any CPU
	EndGlobalSection
	GlobalSection(SolutionProperties) = preSolution
		HideSolutionNode = FALSE
	EndGlobalSection
	GlobalSection(ExtensibilityGlobals) = postSolution
		SolutionGuid = {98F4F9EB-12CD-48E2-A239-DD3AF98A54FD}
	EndGlobalSection
EndGlobal
